
Microsoft Visual Studio Solution File, Format Version 12.00
# Visual Studio Version 16
VisualStudioVersion = 16.0.30413.136
MinimumVisualStudioVersion = 10.0.40219.1
Project("{FAE04EC0-301F-11D3-BF4B-00C04F79EFBC}") = "Lab4WithGUI", "Lab4WithGUI\Lab4WithGUI.csproj", "{3F4B8E5C-007A-4E53-B8BF-DAB64607EB4E}"
EndProject
Global
	GlobalSection(SolutionConfigurationPlatforms) = preSolution
		Debug|Any CPU = Debug|Any CPU
		Release|Any CPU = Release|Any CPU
	EndGlobalSection
	GlobalSection(ProjectConfigurationPlatforms) = postSolution
		{3F4B8E5C-007A-4E53-B8BF-DAB64607EB4E}.Debug|Any CPU.ActiveCfg = Debug|Any CPU
		{3F4B8E5C-007A-4E53-B8BF-DAB64607EB4E}.Debug|Any CPU.Build.0 = Debug|Any CPU
		{3F4B8E5C-007A-4E53-B8BF-DAB64607EB4E}.Release|Any CPU.ActiveCfg = Release|Any CPU
		{3F4B8E5C-007A-4E53-B8BF-DAB64607EB4E}.Release|Any CPU.Build.0 = Release|Any CPU
	EndGlobalSection
	GlobalSection(SolutionProperties) = preSolution
		HideSolutionNode = FALSE
	EndGlobalSection
	GlobalSection(ExtensibilityGlobals) = postSolution
		SolutionGuid = {C34FC09F-054C-4D5B-A35B-E24D72E0238C}
	EndGlobalSection
EndGlobal
